github.com/jumaevkova04/bank v0.0.0-20210406125317-3e083c121d41 h1:j2JU7H5pX/oCF5hqeSXVfHMYZHZVaNA4JS93HW0pHcY=
github.com/jumaevkova04/bank v0.0.0-20210406125317-3e083c121d41/go.mod h1:sae1p/Qxrnr6qnxLtCiiCk4Lmg/+F749SkyJUAu8CI4=
github.com/jumaevkova04/bank v1.0.0 h1:+rOvKoMWXT21ODReWNjQk3f1Mku7f2D1WYSWGM9jNGk=
